
Microsoft Visual Studio Solution File, Format Version 12.00
# Visual Studio Version 16
VisualStudioVersion = 25.0.1703.2
MinimumVisualStudioVersion = 10.0.40219.1
Project("{FAE04EC0-301F-11D3-BF4B-00C04F79EFBC}") = "RonandKanye", "RonandKanye\RonandKanye.csproj", "{C60654E6-1F47-4B99-B3A5-453803422040}"
EndProject
Global
	GlobalSection(SolutionConfigurationPlatforms) = preSolution
		Debug|Any CPU = Debug|Any CPU
		Release|Any CPU = Release|Any CPU
	EndGlobalSection
	GlobalSection(ProjectConfigurationPlatforms) = postSolution
		{C60654E6-1F47-4B99-B3A5-453803422040}.Debug|Any CPU.ActiveCfg = Debug|Any CPU
		{C60654E6-1F47-4B99-B3A5-453803422040}.Debug|Any CPU.Build.0 = Debug|Any CPU
		{C60654E6-1F47-4B99-B3A5-453803422040}.Release|Any CPU.ActiveCfg = Release|Any CPU
		{C60654E6-1F47-4B99-B3A5-453803422040}.Release|Any CPU.Build.0 = Release|Any CPU
	EndGlobalSection
	GlobalSection(SolutionProperties) = preSolution
		HideSolutionNode = FALSE
	EndGlobalSection
	GlobalSection(ExtensibilityGlobals) = postSolution
		SolutionGuid = {CCBF5D11-CC35-4934-B3D9-9AA400BF84CA}
	EndGlobalSection
EndGlobal
